// !$*UTF8*$!
{
	archiveVersion = 1;
	classes = {
	};
	objectVersion = 56;
	objects = {

/* Begin PBXBuildFile section */
		9604AB2729A37E88006B1585 /* FirebaseAnalytics in Frameworks */ = {isa = PBXBuildFile; productRef = 9604AB2629A37E88006B1585 /* FirebaseAnalytics */; };
		9604AB2929A384DA006B1585 /* GoogleService-Info.plist in Resources */ = {isa = PBXBuildFile; fileRef = 9604AB2829A384D9006B1585 /* GoogleService-Info.plist */; };
		965EED0729A4A24E001988A3 /* MainTableViewCell.swift in Sources */ = {isa = PBXBuildFile; fileRef = 965EED0529A4A24E001988A3 /* MainTableViewCell.swift */; };
		965EED0829A4A24E001988A3 /* MainTableViewCell.xib in Resources */ = {isa = PBXBuildFile; fileRef = 965EED0629A4A24E001988A3 /* MainTableViewCell.xib */; };
		965EED1429A4B0E1001988A3 /* ServiceManager.swift in Sources */ = {isa = PBXBuildFile; fileRef = 965EED1329A4B0E1001988A3 /* ServiceManager.swift */; };
		965EED1629A4B0F7001988A3 /* Service.swift in Sources */ = {isa = PBXBuildFile; fileRef = 965EED1529A4B0F7001988A3 /* Service.swift */; };
		965EED1929A4B126001988A3 /* MovieApi.swift in Sources */ = {isa = PBXBuildFile; fileRef = 965EED1829A4B126001988A3 /* MovieApi.swift */; };
		965EED1C29A4B904001988A3 /* Alamofire in Frameworks */ = {isa = PBXBuildFile; productRef = 965EED1B29A4B904001988A3 /* Alamofire */; };
		965EED1F29A4C826001988A3 /* ViewModel.swift in Sources */ = {isa = PBXBuildFile; fileRef = 965EED1E29A4C826001988A3 /* ViewModel.swift */; };
		96A1A93929A4FC3D006AFA7D /* DetailViewController.swift in Sources */ = {isa = PBXBuildFile; fileRef = 96A1A93729A4FC3C006AFA7D /* DetailViewController.swift */; };
		96A1A93C29A502B4006AFA7D /* MovieDetailApi.swift in Sources */ = {isa = PBXBuildFile; fileRef = 96A1A93B29A502B3006AFA7D /* MovieDetailApi.swift */; };
		96A1A93E29A50338006AFA7D /* DetailService.swift in Sources */ = {isa = PBXBuildFile; fileRef = 96A1A93D29A50338006AFA7D /* DetailService.swift */; };
		96A1A94129A6032E006AFA7D /* Kingfisher in Frameworks */ = {isa = PBXBuildFile; productRef = 96A1A94029A6032E006AFA7D /* Kingfisher */; };
		96A1A94329A63ED1006AFA7D /* DetailViewController.xib in Resources */ = {isa = PBXBuildFile; fileRef = 96A1A94229A63ED1006AFA7D /* DetailViewController.xib */; };
		96A1A94529A64588006AFA7D /* loading.json in Resources */ = {isa = PBXBuildFile; fileRef = 96A1A94429A64588006AFA7D /* loading.json */; };
		96C2C571299E56710036DC60 /* AppDelegate.swift in Sources */ = {isa = PBXBuildFile; fileRef = 96C2C570299E56710036DC60 /* AppDelegate.swift */; };
		96C2C573299E56710036DC60 /* SceneDelegate.swift in Sources */ = {isa = PBXBuildFile; fileRef = 96C2C572299E56710036DC60 /* SceneDelegate.swift */; };
		96C2C57A299E56730036DC60 /* Assets.xcassets in Resources */ = {isa = PBXBuildFile; fileRef = 96C2C579299E56730036DC60 /* Assets.xcassets */; };
		96C2C57D299E56730036DC60 /* LaunchScreen.storyboard in Resources */ = {isa = PBXBuildFile; fileRef = 96C2C57B299E56730036DC60 /* LaunchScreen.storyboard */; };
		96C2C586299E57090036DC60 /* MovieController.swift in Sources */ = {isa = PBXBuildFile; fileRef = 96C2C584299E57090036DC60 /* MovieController.swift */; };
		96C2C587299E57090036DC60 /* MovieController.xib in Resources */ = {isa = PBXBuildFile; fileRef = 96C2C585299E57090036DC60 /* MovieController.xib */; };
		96C2C58D299E5CA40036DC60 /* NetworkMonitor.swift in Sources */ = {isa = PBXBuildFile; fileRef = 96C2C58C299E5CA40036DC60 /* NetworkMonitor.swift */; };
		96C2C590299F5F400036DC60 /* Lottie in Frameworks */ = {isa = PBXBuildFile; productRef = 96C2C58F299F5F400036DC60 /* Lottie */; };
		96C2C593299F6AA90036DC60 /* SplashController.swift in Sources */ = {isa = PBXBuildFile; fileRef = 96C2C591299F6AA90036DC60 /* SplashController.swift */; };
		96C2C594299F6AA90036DC60 /* SplashController.xib in Resources */ = {isa = PBXBuildFile; fileRef = 96C2C592299F6AA90036DC60 /* SplashController.xib */; };
/* End PBXBuildFile section */

/* Begin PBXFileReference section */
		9604AB2829A384D9006B1585 /* GoogleService-Info.plist */ = {isa = PBXFileReference; fileEncoding = 4; lastKnownFileType = text.plist.xml; path = "GoogleService-Info.plist"; sourceTree = "<group>"; };
		965EED0529A4A24E001988A3 /* MainTableViewCell.swift */ = {isa = PBXFileReference; lastKnownFileType = sourcecode.swift; path = MainTableViewCell.swift; sourceTree = "<group>"; };
		965EED0629A4A24E001988A3 /* MainTableViewCell.xib */ = {isa = PBXFileReference; lastKnownFileType = file.xib; path = MainTableViewCell.xib; sourceTree = "<group>"; };
		965EED1329A4B0E1001988A3 /* ServiceManager.swift */ = {isa = PBXFileReference; lastKnownFileType = sourcecode.swift; path = ServiceManager.swift; sourceTree = "<group>"; };
		965EED1529A4B0F7001988A3 /* Service.swift */ = {isa = PBXFileReference; lastKnownFileType = sourcecode.swift; path = Service.swift; sourceTree = "<group>"; };
		965EED1829A4B126001988A3 /* MovieApi.swift */ = {isa = PBXFileReference; lastKnownFileType = sourcecode.swift; path = MovieApi.swift; sourceTree = "<group>"; };
		965EED1E29A4C826001988A3 /* ViewModel.swift */ = {isa = PBXFileReference; lastKnownFileType = sourcecode.swift; path = ViewModel.swift; sourceTree = "<group>"; };
		96A1A93729A4FC3C006AFA7D /* DetailViewController.swift */ = {isa = PBXFileReference; lastKnownFileType = sourcecode.swift; path = DetailViewController.swift; sourceTree = "<group>"; };
		96A1A93B29A502B3006AFA7D /* MovieDetailApi.swift */ = {isa = PBXFileReference; lastKnownFileType = sourcecode.swift; path = MovieDetailApi.swift; sourceTree = "<group>"; };
		96A1A93D29A50338006AFA7D /* DetailService.swift */ = {isa = PBXFileReference; lastKnownFileType = sourcecode.swift; path = DetailService.swift; sourceTree = "<group>"; };
		96A1A94229A63ED1006AFA7D /* DetailViewController.xib */ = {isa = PBXFileReference; fileEncoding = 4; lastKnownFileType = file.xib; path = DetailViewController.xib; sourceTree = "<group>"; };
		96A1A94429A64588006AFA7D /* loading.json */ = {isa = PBXFileReference; fileEncoding = 4; lastKnownFileType = text.json; path = loading.json; sourceTree = "<group>"; };
		96C2C56D299E56710036DC60 /* MovieApp2.app */ = {isa = PBXFileReference; explicitFileType = wrapper.application; includeInIndex = 0; path = MovieApp2.app; sourceTree = BUILT_PRODUCTS_DIR; };
		96C2C570299E56710036DC60 /* AppDelegate.swift */ = {isa = PBXFileReference; lastKnownFileType = sourcecode.swift; path = AppDelegate.swift; sourceTree = "<group>"; };
		96C2C572299E56710036DC60 /* SceneDelegate.swift */ = {isa = PBXFileReference; lastKnownFileType = sourcecode.swift; path = SceneDelegate.swift; sourceTree = "<group>"; };
		96C2C579299E56730036DC60 /* Assets.xcassets */ = {isa = PBXFileReference; lastKnownFileType = folder.assetcatalog; path = Assets.xcassets; sourceTree = "<group>"; };
		96C2C57C299E56730036DC60 /* Base */ = {isa = PBXFileReference; lastKnownFileType = file.storyboard; name = Base; path = Base.lproj/LaunchScreen.storyboard; sourceTree = "<group>"; };
		96C2C57E299E56730036DC60 /* Info.plist */ = {isa = PBXFileReference; lastKnownFileType = text.plist.xml; path = Info.plist; sourceTree = "<group>"; };
		96C2C584299E57090036DC60 /* MovieController.swift */ = {isa = PBXFileReference; lastKnownFileType = sourcecode.swift; path = MovieController.swift; sourceTree = "<group>"; };
		96C2C585299E57090036DC60 /* MovieController.xib */ = {isa = PBXFileReference; lastKnownFileType = file.xib; path = MovieController.xib; sourceTree = "<group>"; };
		96C2C58C299E5CA40036DC60 /* NetworkMonitor.swift */ = {isa = PBXFileReference; lastKnownFileType = sourcecode.swift; path = NetworkMonitor.swift; sourceTree = "<group>"; };
		96C2C591299F6AA90036DC60 /* SplashController.swift */ = {isa = PBXFileReference; lastKnownFileType = sourcecode.swift; path = SplashController.swift; sourceTree = "<group>"; };
		96C2C592299F6AA90036DC60 /* SplashController.xib */ = {isa = PBXFileReference; lastKnownFileType = file.xib; path = SplashController.xib; sourceTree = "<group>"; };
/* End PBXFileReference section */

/* Begin PBXFrameworksBuildPhase section */
		96C2C56A299E56710036DC60 /* Frameworks */ = {
			isa = PBXFrameworksBuildPhase;
			buildActionMask = 2147483647;
			files = (
				96A1A94129A6032E006AFA7D /* Kingfisher in Frameworks */,
				965EED1C29A4B904001988A3 /* Alamofire in Frameworks */,
				9604AB2729A37E88006B1585 /* FirebaseAnalytics in Frameworks */,
				96C2C590299F5F400036DC60 /* Lottie in Frameworks */,
			);
			runOnlyForDeploymentPostprocessing = 0;
		};
/* End PBXFrameworksBuildPhase section */

/* Begin PBXGroup section */
		965EED0D29A4AFF2001988A3 /* Cells */ = {
			isa = PBXGroup;
			children = (
				965EED0529A4A24E001988A3 /* MainTableViewCell.swift */,
				965EED0629A4A24E001988A3 /* MainTableViewCell.xib */,
			);
			path = Cells;
			sourceTree = "<group>";
		};
		965EED0E29A4B003001988A3 /* Splash */ = {
			isa = PBXGroup;
			children = (
				96C2C591299F6AA90036DC60 /* SplashController.swift */,
				96C2C592299F6AA90036DC60 /* SplashController.xib */,
			);
			path = Splash;
			sourceTree = "<group>";
		};
		965EED0F29A4B014001988A3 /* MainView */ = {
			isa = PBXGroup;
			children = (
				96C2C584299E57090036DC60 /* MovieController.swift */,
				96C2C585299E57090036DC60 /* MovieController.xib */,
				96A1A93729A4FC3C006AFA7D /* DetailViewController.swift */,
				96A1A94229A63ED1006AFA7D /* DetailViewController.xib */,
			);
			path = MainView;
			sourceTree = "<group>";
		};
		965EED1029A4B0C3001988A3 /* Network */ = {
			isa = PBXGroup;
			children = (
				965EED1129A4B0C9001988A3 /* Manager */,
				965EED1229A4B0D0001988A3 /* Service */,
			);
			path = Network;
			sourceTree = "<group>";
		};
		965EED1129A4B0C9001988A3 /* Manager */ = {
			isa = PBXGroup;
			children = (
				965EED1329A4B0E1001988A3 /* ServiceManager.swift */,
			);
			path = Manager;
			sourceTree = "<group>";
		};
		965EED1229A4B0D0001988A3 /* Service */ = {
			isa = PBXGroup;
			children = (
				965EED1529A4B0F7001988A3 /* Service.swift */,
				96A1A93D29A50338006AFA7D /* DetailService.swift */,
			);
			path = Service;
			sourceTree = "<group>";
		};
		965EED1729A4B110001988A3 /* ApiSource */ = {
			isa = PBXGroup;
			children = (
				965EED1829A4B126001988A3 /* MovieApi.swift */,
				96A1A93B29A502B3006AFA7D /* MovieDetailApi.swift */,
			);
			path = ApiSource;
			sourceTree = "<group>";
		};
		965EED1D29A4C811001988A3 /* ViewModel */ = {
			isa = PBXGroup;
			children = (
				965EED1E29A4C826001988A3 /* ViewModel.swift */,
			);
			path = ViewModel;
			sourceTree = "<group>";
		};
		96C2C564299E56710036DC60 = {
			isa = PBXGroup;
			children = (
				96C2C56F299E56710036DC60 /* MovieApp2 */,
				96A1A94429A64588006AFA7D /* loading.json */,
				96C2C56E299E56710036DC60 /* Products */,
			);
			sourceTree = "<group>";
		};
		96C2C56E299E56710036DC60 /* Products */ = {
			isa = PBXGroup;
			children = (
				96C2C56D299E56710036DC60 /* MovieApp2.app */,
			);
			name = Products;
			sourceTree = "<group>";
		};
		96C2C56F299E56710036DC60 /* MovieApp2 */ = {
			isa = PBXGroup;
			children = (
				96C2C588299E57300036DC60 /* App */,
				96C2C58A299E57690036DC60 /* Support */,
				965EED1729A4B110001988A3 /* ApiSource */,
				965EED1029A4B0C3001988A3 /* Network */,
				96C2C58B299E579F0036DC60 /* View */,
			);
			path = MovieApp2;
			sourceTree = "<group>";
		};
		96C2C588299E57300036DC60 /* App */ = {
			isa = PBXGroup;
			children = (
				96C2C570299E56710036DC60 /* AppDelegate.swift */,
				96C2C572299E56710036DC60 /* SceneDelegate.swift */,
			);
			path = App;
			sourceTree = "<group>";
		};
		96C2C58A299E57690036DC60 /* Support */ = {
			isa = PBXGroup;
			children = (
				96C2C58C299E5CA40036DC60 /* NetworkMonitor.swift */,
				96C2C579299E56730036DC60 /* Assets.xcassets */,
				96C2C57B299E56730036DC60 /* LaunchScreen.storyboard */,
				96C2C57E299E56730036DC60 /* Info.plist */,
				9604AB2829A384D9006B1585 /* GoogleService-Info.plist */,
			);
			path = Support;
			sourceTree = "<group>";
		};
		96C2C58B299E579F0036DC60 /* View */ = {
			isa = PBXGroup;
			children = (
				965EED0E29A4B003001988A3 /* Splash */,
				965EED0F29A4B014001988A3 /* MainView */,
				965EED0D29A4AFF2001988A3 /* Cells */,
				965EED1D29A4C811001988A3 /* ViewModel */,
			);
			path = View;
			sourceTree = "<group>";
		};
/* End PBXGroup section */

/* Begin PBXNativeTarget section */
		96C2C56C299E56710036DC60 /* MovieApp2 */ = {
			isa = PBXNativeTarget;
			buildConfigurationList = 96C2C581299E56730036DC60 /* Build configuration list for PBXNativeTarget "MovieApp2" */;
			buildPhases = (
				96C2C569299E56710036DC60 /* Sources */,
				96C2C56A299E56710036DC60 /* Frameworks */,
				96C2C56B299E56710036DC60 /* Resources */,
			);
			buildRules = (
			);
			dependencies = (
			);
			name = MovieApp2;
			packageProductDependencies = (
				96C2C58F299F5F400036DC60 /* Lottie */,
				9604AB2629A37E88006B1585 /* FirebaseAnalytics */,
				965EED1B29A4B904001988A3 /* Alamofire */,
				96A1A94029A6032E006AFA7D /* Kingfisher */,
			);
			productName = MovieApp2;
			productReference = 96C2C56D299E56710036DC60 /* MovieApp2.app */;
			productType = "com.apple.product-type.application";
		};
/* End PBXNativeTarget section */

/* Begin PBXProject section */
		96C2C565299E56710036DC60 /* Project object */ = {
			isa = PBXProject;
			attributes = {
				BuildIndependentTargetsInParallel = 1;
				LastSwiftUpdateCheck = 1420;
				LastUpgradeCheck = 1420;
				TargetAttributes = {
					96C2C56C299E56710036DC60 = {
						CreatedOnToolsVersion = 14.2;
					};
				};
			};
			buildConfigurationList = 96C2C568299E56710036DC60 /* Build configuration list for PBXProject "MovieApp2" */;
			compatibilityVersion = "Xcode 14.0";
			developmentRegion = en;
			hasScannedForEncodings = 0;
			knownRegions = (
				en,
				Base,
			);
			mainGroup = 96C2C564299E56710036DC60;
			packageReferences = (
				96C2C58E299F5F400036DC60 /* XCRemoteSwiftPackageReference "lottie-ios" */,
				9604AB2529A37E88006B1585 /* XCRemoteSwiftPackageReference "firebase-ios-sdk" */,
				965EED1A29A4B904001988A3 /* XCRemoteSwiftPackageReference "Alamofire" */,
				96A1A93F29A6032E006AFA7D /* XCRemoteSwiftPackageReference "Kingfisher" */,
			);
			productRefGroup = 96C2C56E299E56710036DC60 /* Products */;
			projectDirPath = "";
			projectRoot = "";
			targets = (
				96C2C56C299E56710036DC60 /* MovieApp2 */,
			);
		};
/* End PBXProject section */

/* Begin PBXResourcesBuildPhase section */
		96C2C56B299E56710036DC60 /* Resources */ = {
			isa = PBXResourcesBuildPhase;
			buildActionMask = 2147483647;
			files = (
				96C2C594299F6AA90036DC60 /* SplashController.xib in Resources */,
				96A1A94529A64588006AFA7D /* loading.json in Resources */,
				96C2C587299E57090036DC60 /* MovieController.xib in Resources */,
				96C2C57D299E56730036DC60 /* LaunchScreen.storyboard in Resources */,
				96A1A94329A63ED1006AFA7D /* DetailViewController.xib in Resources */,
				96C2C57A299E56730036DC60 /* Assets.xcassets in Resources */,
				965EED0829A4A24E001988A3 /* MainTableViewCell.xib in Resources */,
				9604AB2929A384DA006B1585 /* GoogleService-Info.plist in Resources */,
			);
			runOnlyForDeploymentPostprocessing = 0;
		};
/* End PBXResourcesBuildPhase section */

/* Begin PBXSourcesBuildPhase section */
		96C2C569299E56710036DC60 /* Sources */ = {
			isa = PBXSourcesBuildPhase;
			buildActionMask = 2147483647;
			files = (
				96A1A93C29A502B4006AFA7D /* MovieDetailApi.swift in Sources */,
				96A1A93929A4FC3D006AFA7D /* DetailViewController.swift in Sources */,
				965EED1929A4B126001988A3 /* MovieApi.swift in Sources */,
				96C2C586299E57090036DC60 /* MovieController.swift in Sources */,
				965EED1F29A4C826001988A3 /* ViewModel.swift in Sources */,
				96C2C58D299E5CA40036DC60 /* NetworkMonitor.swift in Sources */,
				965EED1429A4B0E1001988A3 /* ServiceManager.swift in Sources */,
				96C2C571299E56710036DC60 /* AppDelegate.swift in Sources */,
				965EED1629A4B0F7001988A3 /* Service.swift in Sources */,
				96C2C573299E56710036DC60 /* SceneDelegate.swift in Sources */,
				96A1A93E29A50338006AFA7D /* DetailService.swift in Sources */,
				965EED0729A4A24E001988A3 /* MainTableViewCell.swift in Sources */,
				96C2C593299F6AA90036DC60 /* SplashController.swift in Sources */,
			);
			runOnlyForDeploymentPostprocessing = 0;
		};
/* End PBXSourcesBuildPhase section */

/* Begin PBXVariantGroup section */
		96C2C57B299E56730036DC60 /* LaunchScreen.storyboard */ = {
			isa = PBXVariantGroup;
			children = (
				96C2C57C299E56730036DC60 /* Base */,
			);
			name = LaunchScreen.storyboard;
			sourceTree = "<group>";
		};
/* End PBXVariantGroup section */

/* Begin XCBuildConfiguration section */
		96C2C57F299E56730036DC60 /* Debug */ = {
			isa = XCBuildConfiguration;
			buildSettings = {
				ALWAYS_SEARCH_USER_PATHS = NO;
				CLANG_ANALYZER_NONNULL = YES;
				CLANG_ANALYZER_NUMBER_OBJECT_CONVERSION = YES_AGGRESSIVE;
				CLANG_CXX_LANGUAGE_STANDARD = "gnu++20";
				CLANG_ENABLE_MODULES = YES;
				CLANG_ENABLE_OBJC_ARC = YES;
				CLANG_ENABLE_OBJC_WEAK = YES;
				CLANG_WARN_BLOCK_CAPTURE_AUTORELEASING = YES;
				CLANG_WARN_BOOL_CONVERSION = YES;
				CLANG_WARN_COMMA = YES;
				CLANG_WARN_CONSTANT_CONVERSION = YES;
				CLANG_WARN_DEPRECATED_OBJC_IMPLEMENTATIONS = YES;
				CLANG_WARN_DIRECT_OBJC_ISA_USAGE = YES_ERROR;
				CLANG_WARN_DOCUMENTATION_COMMENTS = YES;
				CLANG_WARN_EMPTY_BODY = YES;
				CLANG_WARN_ENUM_CONVERSION = YES;
				CLANG_WARN_INFINITE_RECURSION = YES;
				CLANG_WARN_INT_CONVERSION = YES;
				CLANG_WARN_NON_LITERAL_NULL_CONVERSION = YES;
				CLANG_WARN_OBJC_IMPLICIT_RETAIN_SELF = YES;
				CLANG_WARN_OBJC_LITERAL_CONVERSION = YES;
				CLANG_WARN_OBJC_ROOT_CLASS = YES_ERROR;
				CLANG_WARN_QUOTED_INCLUDE_IN_FRAMEWORK_HEADER = YES;
				CLANG_WARN_RANGE_LOOP_ANALYSIS = YES;
				CLANG_WARN_STRICT_PROTOTYPES = YES;
				CLANG_WARN_SUSPICIOUS_MOVE = YES;
				CLANG_WARN_UNGUARDED_AVAILABILITY = YES_AGGRESSIVE;
				CLANG_WARN_UNREACHABLE_CODE = YES;
				CLANG_WARN__DUPLICATE_METHOD_MATCH = YES;
				COPY_PHASE_STRIP = NO;
				DEBUG_INFORMATION_FORMAT = dwarf;
				ENABLE_STRICT_OBJC_MSGSEND = YES;
				ENABLE_TESTABILITY = YES;
				GCC_C_LANGUAGE_STANDARD = gnu11;
				GCC_DYNAMIC_NO_PIC = NO;
				GCC_NO_COMMON_BLOCKS = YES;
				GCC_OPTIMIZATION_LEVEL = 0;
				GCC_PREPROCESSOR_DEFINITIONS = (
					"DEBUG=1",
					"$(inherited)",
				);
				GCC_WARN_64_TO_32_BIT_CONVERSION = YES;
				GCC_WARN_ABOUT_RETURN_TYPE = YES_ERROR;
				GCC_WARN_UNDECLARED_SELECTOR = YES;
				GCC_WARN_UNINITIALIZED_AUTOS = YES_AGGRESSIVE;
				GCC_WARN_UNUSED_FUNCTION = YES;
				GCC_WARN_UNUSED_VARIABLE = YES;
				IPHONEOS_DEPLOYMENT_TARGET = 16.2;
				MTL_ENABLE_DEBUG_INFO = INCLUDE_SOURCE;
				MTL_FAST_MATH = YES;
				ONLY_ACTIVE_ARCH = YES;
				SDKROOT = iphoneos;
				SWIFT_ACTIVE_COMPILATION_CONDITIONS = DEBUG;
				SWIFT_OPTIMIZATION_LEVEL = "-Onone";
			};
			name = Debug;
		};
		96C2C580299E56730036DC60 /* Release */ = {
			isa = XCBuildConfiguration;
			buildSettings = {
				ALWAYS_SEARCH_USER_PATHS = NO;
				CLANG_ANALYZER_NONNULL = YES;
				CLANG_ANALYZER_NUMBER_OBJECT_CONVERSION = YES_AGGRESSIVE;
				CLANG_CXX_LANGUAGE_STANDARD = "gnu++20";
				CLANG_ENABLE_MODULES = YES;
				CLANG_ENABLE_OBJC_ARC = YES;
				CLANG_ENABLE_OBJC_WEAK = YES;
				CLANG_WARN_BLOCK_CAPTURE_AUTORELEASING = YES;
				CLANG_WARN_BOOL_CONVERSION = YES;
				CLANG_WARN_COMMA = YES;
				CLANG_WARN_CONSTANT_CONVERSION = YES;
				CLANG_WARN_DEPRECATED_OBJC_IMPLEMENTATIONS = YES;
				CLANG_WARN_DIRECT_OBJC_ISA_USAGE = YES_ERROR;
				CLANG_WARN_DOCUMENTATION_COMMENTS = YES;
				CLANG_WARN_EMPTY_BODY = YES;
				CLANG_WARN_ENUM_CONVERSION = YES;
				CLANG_WARN_INFINITE_RECURSION = YES;
				CLANG_WARN_INT_CONVERSION = YES;
				CLANG_WARN_NON_LITERAL_NULL_CONVERSION = YES;
				CLANG_WARN_OBJC_IMPLICIT_RETAIN_SELF = YES;
				CLANG_WARN_OBJC_LITERAL_CONVERSION = YES;
				CLANG_WARN_OBJC_ROOT_CLASS = YES_ERROR;
				CLANG_WARN_QUOTED_INCLUDE_IN_FRAMEWORK_HEADER = YES;
				CLANG_WARN_RANGE_LOOP_ANALYSIS = YES;
				CLANG_WARN_STRICT_PROTOTYPES = YES;
				CLANG_WARN_SUSPICIOUS_MOVE = YES;
				CLANG_WARN_UNGUARDED_AVAILABILITY = YES_AGGRESSIVE;
				CLANG_WARN_UNREACHABLE_CODE = YES;
				CLANG_WARN__DUPLICATE_METHOD_MATCH = YES;
				COPY_PHASE_STRIP = NO;
				DEBUG_INFORMATION_FORMAT = "dwarf-with-dsym";
				ENABLE_NS_ASSERTIONS = NO;
				ENABLE_STRICT_OBJC_MSGSEND = YES;
				GCC_C_LANGUAGE_STANDARD = gnu11;
				GCC_NO_COMMON_BLOCKS = YES;
				GCC_WARN_64_TO_32_BIT_CONVERSION = YES;
				GCC_WARN_ABOUT_RETURN_TYPE = YES_ERROR;
				GCC_WARN_UNDECLARED_SELECTOR = YES;
				GCC_WARN_UNINITIALIZED_AUTOS = YES_AGGRESSIVE;
				GCC_WARN_UNUSED_FUNCTION = YES;
				GCC_WARN_UNUSED_VARIABLE = YES;
				IPHONEOS_DEPLOYMENT_TARGET = 16.2;
				MTL_ENABLE_DEBUG_INFO = NO;
				MTL_FAST_MATH = YES;
				SDKROOT = iphoneos;
				SWIFT_COMPILATION_MODE = wholemodule;
				SWIFT_OPTIMIZATION_LEVEL = "-O";
				VALIDATE_PRODUCT = YES;
			};
			name = Release;
		};
		96C2C582299E56730036DC60 /* Debug */ = {
			isa = XCBuildConfiguration;
			buildSettings = {
				ASSETCATALOG_COMPILER_APPICON_NAME = AppIcon;
				ASSETCATALOG_COMPILER_GLOBAL_ACCENT_COLOR_NAME = AccentColor;
				CODE_SIGN_STYLE = Automatic;
				CURRENT_PROJECT_VERSION = 1;
				DEVELOPMENT_TEAM = F9V6WPSDK2;
				GENERATE_INFOPLIST_FILE = YES;
				INFOPLIST_FILE = MovieApp2/Support/Info.plist;
				INFOPLIST_KEY_UIApplicationSupportsIndirectInputEvents = YES;
				INFOPLIST_KEY_UILaunchStoryboardName = LaunchScreen;
				INFOPLIST_KEY_UISupportedInterfaceOrientations = UIInterfaceOrientationPortrait;
				INFOPLIST_KEY_UISupportedInterfaceOrientations_iPad = "UIInterfaceOrientationLandscapeLeft UIInterfaceOrientationLandscapeRight UIInterfaceOrientationPortrait UIInterfaceOrientationPortraitUpsideDown";
				IPHONEOS_DEPLOYMENT_TARGET = 13.0;
				LD_RUNPATH_SEARCH_PATHS = (
					"$(inherited)",
					"@executable_path/Frameworks",
				);
				MARKETING_VERSION = 1.0;
				OTHER_LDFLAGS = "-ObjC";
				PRODUCT_BUNDLE_IDENTIFIER = com.burrakerden.MovieApp2;
				PRODUCT_NAME = "$(TARGET_NAME)";
				SUPPORTED_PLATFORMS = "iphoneos iphonesimulator";
				SUPPORTS_MACCATALYST = NO;
				SUPPORTS_MAC_DESIGNED_FOR_IPHONE_IPAD = NO;
				SWIFT_EMIT_LOC_STRINGS = YES;
				SWIFT_VERSION = 5.0;
				TARGETED_DEVICE_FAMILY = 1;
			};
			name = Debug;
		};
		96C2C583299E56730036DC60 /* Release */ = {
			isa = XCBuildConfiguration;
			buildSettings = {
				ASSETCATALOG_COMPILER_APPICON_NAME = AppIcon;
				ASSETCATALOG_COMPILER_GLOBAL_ACCENT_COLOR_NAME = AccentColor;
				CODE_SIGN_STYLE = Automatic;
				CURRENT_PROJECT_VERSION = 1;
				DEVELOPMENT_TEAM = F9V6WPSDK2;
				GENERATE_INFOPLIST_FILE = YES;
				INFOPLIST_FILE = MovieApp2/Support/Info.plist;
				INFOPLIST_KEY_UIApplicationSupportsIndirectInputEvents = YES;
				INFOPLIST_KEY_UILaunchStoryboardName = LaunchScreen;
				INFOPLIST_KEY_UISupportedInterfaceOrientations = UIInterfaceOrientationPortrait;
				INFOPLIST_KEY_UISupportedInterfaceOrientations_iPad = "UIInterfaceOrientationLandscapeLeft UIInterfaceOrientationLandscapeRight UIInterfaceOrientationPortrait UIInterfaceOrientationPortraitUpsideDown";
				IPHONEOS_DEPLOYMENT_TARGET = 13.0;
				LD_RUNPATH_SEARCH_PATHS = (
					"$(inherited)",
					"@executable_path/Frameworks",
				);
				MARKETING_VERSION = 1.0;
				OTHER_LDFLAGS = "-ObjC";
				PRODUCT_BUNDLE_IDENTIFIER = com.burrakerden.MovieApp2;
				PRODUCT_NAME = "$(TARGET_NAME)";
				SUPPORTED_PLATFORMS = "iphoneos iphonesimulator";
				SUPPORTS_MACCATALYST = NO;
				SUPPORTS_MAC_DESIGNED_FOR_IPHONE_IPAD = NO;
				SWIFT_EMIT_LOC_STRINGS = YES;
				SWIFT_VERSION = 5.0;
				TARGETED_DEVICE_FAMILY = 1;
			};
			name = Release;
		};
/* End XCBuildConfiguration section */

/* Begin XCConfigurationList section */
		96C2C568299E56710036DC60 /* Build configuration list for PBXProject "MovieApp2" */ = {
			isa = XCConfigurationList;
			buildConfigurations = (
				96C2C57F299E56730036DC60 /* Debug */,
				96C2C580299E56730036DC60 /* Release */,
			);
			defaultConfigurationIsVisible = 0;
			defaultConfigurationName = Release;
		};
		96C2C581299E56730036DC60 /* Build configuration list for PBXNativeTarget "MovieApp2" */ = {
			isa = XCConfigurationList;
			buildConfigurations = (
				96C2C582299E56730036DC60 /* Debug */,
				96C2C583299E56730036DC60 /* Release */,
			);
			defaultConfigurationIsVisible = 0;
			defaultConfigurationName = Release;
		};
/* End XCConfigurationList section */

/* Begin XCRemoteSwiftPackageReference section */
		9604AB2529A37E88006B1585 /* XCRemoteSwiftPackageReference "firebase-ios-sdk" */ = {
			isa = XCRemoteSwiftPackageReference;
			repositoryURL = "https://github.com/firebase/firebase-ios-sdk.git";
			requirement = {
				branch = master;
				kind = branch;
			};
		};
		965EED1A29A4B904001988A3 /* XCRemoteSwiftPackageReference "Alamofire" */ = {
			isa = XCRemoteSwiftPackageReference;
			repositoryURL = "https://github.com/Alamofire/Alamofire.git";
			requirement = {
				branch = master;
				kind = branch;
			};
		};
		96A1A93F29A6032E006AFA7D /* XCRemoteSwiftPackageReference "Kingfisher" */ = {
			isa = XCRemoteSwiftPackageReference;
			repositoryURL = "https://github.com/onevcat/Kingfisher.git";
			requirement = {
				branch = master;
				kind = branch;
			};
		};
		96C2C58E299F5F400036DC60 /* XCRemoteSwiftPackageReference "lottie-ios" */ = {
			isa = XCRemoteSwiftPackageReference;
			repositoryURL = "https://github.com/airbnb/lottie-ios.git";
			requirement = {
				kind = upToNextMajorVersion;
				minimumVersion = 4.0.0;
			};
		};
/* End XCRemoteSwiftPackageReference section */

/* Begin XCSwiftPackageProductDependency section */
		9604AB2629A37E88006B1585 /* FirebaseAnalytics */ = {
			isa = XCSwiftPackageProductDependency;
			package = 9604AB2529A37E88006B1585 /* XCRemoteSwiftPackageReference "firebase-ios-sdk" */;
			productName = FirebaseAnalytics;
		};
		965EED1B29A4B904001988A3 /* Alamofire */ = {
			isa = XCSwiftPackageProductDependency;
			package = 965EED1A29A4B904001988A3 /* XCRemoteSwiftPackageReference "Alamofire" */;
			productName = Alamofire;
		};
		96A1A94029A6032E006AFA7D /* Kingfisher */ = {
			isa = XCSwiftPackageProductDependency;
			package = 96A1A93F29A6032E006AFA7D /* XCRemoteSwiftPackageReference "Kingfisher" */;
			productName = Kingfisher;
		};
		96C2C58F299F5F400036DC60 /* Lottie */ = {
			isa = XCSwiftPackageProductDependency;
			package = 96C2C58E299F5F400036DC60 /* XCRemoteSwiftPackageReference "lottie-ios" */;
			productName = Lottie;
		};
/* End XCSwiftPackageProductDependency section */
	};
	rootObject = 96C2C565299E56710036DC60 /* Project object */;
}
